
Microsoft Visual Studio Solution File, Format Version 12.00
# Visual Studio Version 17
VisualStudioVersion = 17.0.31903.59
MinimumVisualStudioVersion = 10.0.40219.1
Project("{9A19103F-16F7-4668-BE54-9A1E7A4F7556}") = "ZKAttendance.Domain", "ZKAttendance.Domain\ZKAttendance.Domain.csproj", "{AAAAAAAA-0001-0000-0000-000000000000}"
EndProject
Project("{9A19103F-16F7-4668-BE54-9A1E7A4F7556}") = "ZKAttendance.Application", "ZKAttendance.Application\ZKAttendance.Application.csproj", "{AAAAAAAA-0002-0000-0000-000000000000}"
EndProject
Project("{9A19103F-16F7-4668-BE54-9A1E7A4F7556}") = "ZKAttendance.Infrastructure", "ZKAttendance.Infrastructure\ZKAttendance.Infrastructure.csproj", "{AAAAAAAA-0003-0000-0000-000000000000}"
EndProject
Project("{FAE04EC0-301F-11D3-BF4B-00C04F79EFBC}") = "ZKAttendance.Api", "ZKAttendance.Api\ZKAttendance.Api.csproj", "{2277850C-10BF-4EB6-9047-6A35BCCFB4C8}"
EndProject
Global
	GlobalSection(SolutionConfigurationPlatforms) = preSolution
		Debug|Any CPU = Debug|Any CPU
		Debug|x64 = Debug|x64
		Debug|x86 = Debug|x86
		Release|Any CPU = Release|Any CPU
		Release|x64 = Release|x64
		Release|x86 = Release|x86
	EndGlobalSection
	GlobalSection(ProjectConfigurationPlatforms) = postSolution
		{AAAAAAAA-0001-0000-0000-000000000000}.Debug|Any CPU.ActiveCfg = Debug|Any CPU
		{AAAAAAAA-0001-0000-0000-000000000000}.Debug|Any CPU.Build.0 = Debug|Any CPU
		{AAAAAAAA-0001-0000-0000-000000000000}.Debug|x64.ActiveCfg = Debug|Any CPU
		{AAAAAAAA-0001-0000-0000-000000000000}.Debug|x64.Build.0 = Debug|Any CPU
		{AAAAAAAA-0001-0000-0000-000000000000}.Debug|x86.ActiveCfg = Debug|Any CPU
		{AAAAAAAA-0001-0000-0000-000000000000}.Debug|x86.Build.0 = Debug|Any CPU
		{AAAAAAAA-0001-0000-0000-000000000000}.Release|Any CPU.ActiveCfg = Release|Any CPU
		{AAAAAAAA-0001-0000-0000-000000000000}.Release|Any CPU.Build.0 = Release|Any CPU
		{AAAAAAAA-0001-0000-0000-000000000000}.Release|x64.ActiveCfg = Release|Any CPU
		{AAAAAAAA-0001-0000-0000-000000000000}.Release|x64.Build.0 = Release|Any CPU
		{AAAAAAAA-0001-0000-0000-000000000000}.Release|x86.ActiveCfg = Release|Any CPU
		{AAAAAAAA-0001-0000-0000-000000000000}.Release|x86.Build.0 = Release|Any CPU
		{AAAAAAAA-0002-0000-0000-000000000000}.Debug|Any CPU.ActiveCfg = Debug|Any CPU
		{AAAAAAAA-0002-0000-0000-000000000000}.Debug|Any CPU.Build.0 = Debug|Any CPU
		{AAAAAAAA-0002-0000-0000-000000000000}.Debug|x64.ActiveCfg = Debug|Any CPU
		{AAAAAAAA-0002-0000-0000-000000000000}.Debug|x64.Build.0 = Debug|Any CPU
		{AAAAAAAA-0002-0000-0000-000000000000}.Debug|x86.ActiveCfg = Debug|Any CPU
		{AAAAAAAA-0002-0000-0000-000000000000}.Debug|x86.Build.0 = Debug|Any CPU
		{AAAAAAAA-0002-0000-0000-000000000000}.Release|Any CPU.ActiveCfg = Release|Any CPU
		{AAAAAAAA-0002-0000-0000-000000000000}.Release|Any CPU.Build.0 = Release|Any CPU
		{AAAAAAAA-0002-0000-0000-000000000000}.Release|x64.ActiveCfg = Release|Any CPU
		{AAAAAAAA-0002-0000-0000-000000000000}.Release|x64.Build.0 = Release|Any CPU
		{AAAAAAAA-0002-0000-0000-000000000000}.Release|x86.ActiveCfg = Release|Any CPU
		{AAAAAAAA-0002-0000-0000-000000000000}.Release|x86.Build.0 = Release|Any CPU
		{AAAAAAAA-0003-0000-0000-000000000000}.Debug|Any CPU.ActiveCfg = Debug|Any CPU
		{AAAAAAAA-0003-0000-0000-000000000000}.Debug|Any CPU.Build.0 = Debug|Any CPU
		{AAAAAAAA-0003-0000-0000-000000000000}.Debug|x64.ActiveCfg = Debug|Any CPU
		{AAAAAAAA-0003-0000-0000-000000000000}.Debug|x64.Build.0 = Debug|Any CPU
		{AAAAAAAA-0003-0000-0000-000000000000}.Debug|x86.ActiveCfg = Debug|Any CPU
		{AAAAAAAA-0003-0000-0000-000000000000}.Debug|x86.Build.0 = Debug|Any CPU
		{AAAAAAAA-0003-0000-0000-000000000000}.Release|Any CPU.ActiveCfg = Release|Any CPU
		{AAAAAAAA-0003-0000-0000-000000000000}.Release|Any CPU.Build.0 = Release|Any CPU
		{AAAAAAAA-0003-0000-0000-000000000000}.Release|x64.ActiveCfg = Release|Any CPU
		{AAAAAAAA-0003-0000-0000-000000000000}.Release|x64.Build.0 = Release|Any CPU
		{AAAAAAAA-0003-0000-0000-000000000000}.Release|x86.ActiveCfg = Release|Any CPU
		{AAAAAAAA-0003-0000-0000-000000000000}.Release|x86.Build.0 = Release|Any CPU
		{2277850C-10BF-4EB6-9047-6A35BCCFB4C8}.Debug|Any CPU.ActiveCfg = Debug|Any CPU
		{2277850C-10BF-4EB6-9047-6A35BCCFB4C8}.Debug|Any CPU.Build.0 = Debug|Any CPU
		{2277850C-10BF-4EB6-9047-6A35BCCFB4C8}.Debug|x64.ActiveCfg = Debug|Any CPU
		{2277850C-10BF-4EB6-9047-6A35BCCFB4C8}.Debug|x64.Build.0 = Debug|Any CPU
		{2277850C-10BF-4EB6-9047-6A35BCCFB4C8}.Debug|x86.ActiveCfg = Debug|Any CPU
		{2277850C-10BF-4EB6-9047-6A35BCCFB4C8}.Debug|x86.Build.0 = Debug|Any CPU
		{2277850C-10BF-4EB6-9047-6A35BCCFB4C8}.Release|Any CPU.ActiveCfg = Release|Any CPU
		{2277850C-10BF-4EB6-9047-6A35BCCFB4C8}.Release|Any CPU.Build.0 = Release|Any CPU
		{2277850C-10BF-4EB6-9047-6A35BCCFB4C8}.Release|x64.ActiveCfg = Release|Any CPU
		{2277850C-10BF-4EB6-9047-6A35BCCFB4C8}.Release|x64.Build.0 = Release|Any CPU
		{2277850C-10BF-4EB6-9047-6A35BCCFB4C8}.Release|x86.ActiveCfg = Release|Any CPU
		{2277850C-10BF-4EB6-9047-6A35BCCFB4C8}.Release|x86.Build.0 = Release|Any CPU
	EndGlobalSection
	GlobalSection(SolutionProperties) = preSolution
		HideSolutionNode = FALSE
	EndGlobalSection
EndGlobal
